
Microsoft Visual Studio Solution File, Format Version 12.00
# Visual Studio 15
VisualStudioVersion = 15.0.28307.757
MinimumVisualStudioVersion = 10.0.40219.1
Project("{FAE04EC0-301F-11D3-BF4B-00C04F79EFBC}") = "Strategy", "Strategy\Strategy.csproj", "{7F5E624E-5817-48D5-946A-B5397DA3A27B}"
EndProject
Project("{FAE04EC0-301F-11D3-BF4B-00C04F79EFBC}") = "Observer", "Observer\Observer.csproj", "{278E1C5E-3C0C-4202-BE4B-A6A475CDD0AD}"
EndProject
Global
	GlobalSection(SolutionConfigurationPlatforms) = preSolution
		Debug|Any CPU = Debug|Any CPU
		Release|Any CPU = Release|Any CPU
	EndGlobalSection
	GlobalSection(ProjectConfigurationPlatforms) = postSolution
		{7F5E624E-5817-48D5-946A-B5397DA3A27B}.Debug|Any CPU.ActiveCfg = Debug|Any CPU
		{7F5E624E-5817-48D5-946A-B5397DA3A27B}.Debug|Any CPU.Build.0 = Debug|Any CPU
		{7F5E624E-5817-48D5-946A-B5397DA3A27B}.Release|Any CPU.ActiveCfg = Release|Any CPU
		{7F5E624E-5817-48D5-946A-B5397DA3A27B}.Release|Any CPU.Build.0 = Release|Any CPU
		{278E1C5E-3C0C-4202-BE4B-A6A475CDD0AD}.Debug|Any CPU.ActiveCfg = Debug|Any CPU
		{278E1C5E-3C0C-4202-BE4B-A6A475CDD0AD}.Debug|Any CPU.Build.0 = Debug|Any CPU
		{278E1C5E-3C0C-4202-BE4B-A6A475CDD0AD}.Release|Any CPU.ActiveCfg = Release|Any CPU
		{278E1C5E-3C0C-4202-BE4B-A6A475CDD0AD}.Release|Any CPU.Build.0 = Release|Any CPU
	EndGlobalSection
	GlobalSection(SolutionProperties) = preSolution
		HideSolutionNode = FALSE
	EndGlobalSection
	GlobalSection(ExtensibilityGlobals) = postSolution
		SolutionGuid = {0AEC1B30-2B8D-406C-944F-AE2D204F3B30}
	EndGlobalSection
EndGlobal
